// !$*UTF8*$!
{
	archiveVersion = 1;
	classes = {
	};
	objectVersion = 50;
	objects = {

/* Begin PBXBuildFile section */
		093C9646C61093919FC8CFFD /* Pods_FoodieTests.framework in Frameworks */ = {isa = PBXBuildFile; fileRef = 215BFEAC0BB6E7BAB77B1FFD /* Pods_FoodieTests.framework */; };
		1FFE214142B3F7B9D08E2FD5 /* Pods_FoodieUITests.framework in Frameworks */ = {isa = PBXBuildFile; fileRef = 86BCF420637CC63CD6218C01 /* Pods_FoodieUITests.framework */; };
		47140E983C0526156F8CFAAF /* Pods_Foodie.framework in Frameworks */ = {isa = PBXBuildFile; fileRef = 073EF10982B6CB22AD8F92C4 /* Pods_Foodie.framework */; };
		A10C11502264018600ED634F /* AppDelegate.swift in Sources */ = {isa = PBXBuildFile; fileRef = A10C114F2264018600ED634F /* AppDelegate.swift */; };
		A10C11522264018600ED634F /* LandingController.swift in Sources */ = {isa = PBXBuildFile; fileRef = A10C11512264018600ED634F /* LandingController.swift */; };
		A10C11552264018600ED634F /* Main.storyboard in Resources */ = {isa = PBXBuildFile; fileRef = A10C11532264018600ED634F /* Main.storyboard */; };
		A10C11572264018800ED634F /* Assets.xcassets in Resources */ = {isa = PBXBuildFile; fileRef = A10C11562264018800ED634F /* Assets.xcassets */; };
		A10C11652264018800ED634F /* FoodieTests.swift in Sources */ = {isa = PBXBuildFile; fileRef = A10C11642264018800ED634F /* FoodieTests.swift */; };
		A10C11702264018800ED634F /* FoodieUITests.swift in Sources */ = {isa = PBXBuildFile; fileRef = A10C116F2264018800ED634F /* FoodieUITests.swift */; };
		A14A1A082277879900A17F1C /* Restaurant.swift in Sources */ = {isa = PBXBuildFile; fileRef = A14A1A072277879900A17F1C /* Restaurant.swift */; };
		A14A1A092277879900A17F1C /* Restaurant.swift in Sources */ = {isa = PBXBuildFile; fileRef = A14A1A072277879900A17F1C /* Restaurant.swift */; };
		A157BD59226FCC3B00C30618 /* QueryController.swift in Sources */ = {isa = PBXBuildFile; fileRef = A157BD58226FCC3B00C30618 /* QueryController.swift */; };
		A15D0B3A2276698500BBA4F8 /* RestaurantQuery.swift in Sources */ = {isa = PBXBuildFile; fileRef = A15D0B392276698500BBA4F8 /* RestaurantQuery.swift */; };
/* End PBXBuildFile section */

/* Begin PBXContainerItemProxy section */
		A10C11612264018800ED634F /* PBXContainerItemProxy */ = {
			isa = PBXContainerItemProxy;
			containerPortal = A10C11442264018600ED634F /* Project object */;
			proxyType = 1;
			remoteGlobalIDString = A10C114B2264018600ED634F;
			remoteInfo = Foodie;
		};
		A10C116C2264018800ED634F /* PBXContainerItemProxy */ = {
			isa = PBXContainerItemProxy;
			containerPortal = A10C11442264018600ED634F /* Project object */;
			proxyType = 1;
			remoteGlobalIDString = A10C114B2264018600ED634F;
			remoteInfo = Foodie;
		};
/* End PBXContainerItemProxy section */

/* Begin PBXFileReference section */
		073EF10982B6CB22AD8F92C4 /* Pods_Foodie.framework */ = {isa = PBXFileReference; explicitFileType = wrapper.framework; includeInIndex = 0; path = Pods_Foodie.framework; sourceTree = BUILT_PRODUCTS_DIR; };
		215BFEAC0BB6E7BAB77B1FFD /* Pods_FoodieTests.framework */ = {isa = PBXFileReference; explicitFileType = wrapper.framework; includeInIndex = 0; path = Pods_FoodieTests.framework; sourceTree = BUILT_PRODUCTS_DIR; };
		5912C90658CBF8FCD719CE1B /* Pods-FoodieUITests.release.xcconfig */ = {isa = PBXFileReference; includeInIndex = 1; lastKnownFileType = text.xcconfig; name = "Pods-FoodieUITests.release.xcconfig"; path = "Target Support Files/Pods-FoodieUITests/Pods-FoodieUITests.release.xcconfig"; sourceTree = "<group>"; };
		6FBAA2D9B40DA80879FCCD1A /* Pods-Foodie.debug.xcconfig */ = {isa = PBXFileReference; includeInIndex = 1; lastKnownFileType = text.xcconfig; name = "Pods-Foodie.debug.xcconfig"; path = "Target Support Files/Pods-Foodie/Pods-Foodie.debug.xcconfig"; sourceTree = "<group>"; };
		86BCF420637CC63CD6218C01 /* Pods_FoodieUITests.framework */ = {isa = PBXFileReference; explicitFileType = wrapper.framework; includeInIndex = 0; path = Pods_FoodieUITests.framework; sourceTree = BUILT_PRODUCTS_DIR; };
		A10C114C2264018600ED634F /* Foodie.app */ = {isa = PBXFileReference; explicitFileType = wrapper.application; includeInIndex = 0; path = Foodie.app; sourceTree = BUILT_PRODUCTS_DIR; };
		A10C114F2264018600ED634F /* AppDelegate.swift */ = {isa = PBXFileReference; lastKnownFileType = sourcecode.swift; path = AppDelegate.swift; sourceTree = "<group>"; };
		A10C11512264018600ED634F /* LandingController.swift */ = {isa = PBXFileReference; lastKnownFileType = sourcecode.swift; path = LandingController.swift; sourceTree = "<group>"; };
		A10C11542264018600ED634F /* Base */ = {isa = PBXFileReference; lastKnownFileType = file.storyboard; name = Base; path = Base.lproj/Main.storyboard; sourceTree = "<group>"; };
		A10C11562264018800ED634F /* Assets.xcassets */ = {isa = PBXFileReference; lastKnownFileType = folder.assetcatalog; path = Assets.xcassets; sourceTree = "<group>"; };
		A10C115B2264018800ED634F /* Info.plist */ = {isa = PBXFileReference; lastKnownFileType = text.plist.xml; path = Info.plist; sourceTree = "<group>"; };
		A10C11602264018800ED634F /* FoodieTests.xctest */ = {isa = PBXFileReference; explicitFileType = wrapper.cfbundle; includeInIndex = 0; path = FoodieTests.xctest; sourceTree = BUILT_PRODUCTS_DIR; };
		A10C11642264018800ED634F /* FoodieTests.swift */ = {isa = PBXFileReference; lastKnownFileType = sourcecode.swift; path = FoodieTests.swift; sourceTree = "<group>"; };
		A10C11662264018800ED634F /* Info.plist */ = {isa = PBXFileReference; lastKnownFileType = text.plist.xml; path = Info.plist; sourceTree = "<group>"; };
		A10C116B2264018800ED634F /* FoodieUITests.xctest */ = {isa = PBXFileReference; explicitFileType = wrapper.cfbundle; includeInIndex = 0; path = FoodieUITests.xctest; sourceTree = BUILT_PRODUCTS_DIR; };
		A10C116F2264018800ED634F /* FoodieUITests.swift */ = {isa = PBXFileReference; lastKnownFileType = sourcecode.swift; path = FoodieUITests.swift; sourceTree = "<group>"; };
		A10C11712264018800ED634F /* Info.plist */ = {isa = PBXFileReference; lastKnownFileType = text.plist.xml; path = Info.plist; sourceTree = "<group>"; };
		A14A1A072277879900A17F1C /* Restaurant.swift */ = {isa = PBXFileReference; lastKnownFileType = sourcecode.swift; path = Restaurant.swift; sourceTree = "<group>"; };
		A157BD58226FCC3B00C30618 /* QueryController.swift */ = {isa = PBXFileReference; lastKnownFileType = sourcecode.swift; path = QueryController.swift; sourceTree = "<group>"; };
		A15D0B392276698500BBA4F8 /* RestaurantQuery.swift */ = {isa = PBXFileReference; lastKnownFileType = sourcecode.swift; path = RestaurantQuery.swift; sourceTree = "<group>"; };
		A76933D7E106C0A04B0E442F /* Pods-FoodieUITests.debug.xcconfig */ = {isa = PBXFileReference; includeInIndex = 1; lastKnownFileType = text.xcconfig; name = "Pods-FoodieUITests.debug.xcconfig"; path = "Target Support Files/Pods-FoodieUITests/Pods-FoodieUITests.debug.xcconfig"; sourceTree = "<group>"; };
		BE84E00C37BBC0EA9906A99E /* Pods-Foodie.release.xcconfig */ = {isa = PBXFileReference; includeInIndex = 1; lastKnownFileType = text.xcconfig; name = "Pods-Foodie.release.xcconfig"; path = "Target Support Files/Pods-Foodie/Pods-Foodie.release.xcconfig"; sourceTree = "<group>"; };
		D0938E79C73FEE3123B6A8C6 /* Pods-FoodieTests.debug.xcconfig */ = {isa = PBXFileReference; includeInIndex = 1; lastKnownFileType = text.xcconfig; name = "Pods-FoodieTests.debug.xcconfig"; path = "Target Support Files/Pods-FoodieTests/Pods-FoodieTests.debug.xcconfig"; sourceTree = "<group>"; };
		F4F6214C7F043B4EEDF74E20 /* Pods-FoodieTests.release.xcconfig */ = {isa = PBXFileReference; includeInIndex = 1; lastKnownFileType = text.xcconfig; name = "Pods-FoodieTests.release.xcconfig"; path = "Target Support Files/Pods-FoodieTests/Pods-FoodieTests.release.xcconfig"; sourceTree = "<group>"; };
/* End PBXFileReference section */

/* Begin PBXFrameworksBuildPhase section */
		A10C11492264018600ED634F /* Frameworks */ = {
			isa = PBXFrameworksBuildPhase;
			buildActionMask = 2147483647;
			files = (
				47140E983C0526156F8CFAAF /* Pods_Foodie.framework in Frameworks */,
			);
			runOnlyForDeploymentPostprocessing = 0;
		};
		A10C115D2264018800ED634F /* Frameworks */ = {
			isa = PBXFrameworksBuildPhase;
			buildActionMask = 2147483647;
			files = (
				093C9646C61093919FC8CFFD /* Pods_FoodieTests.framework in Frameworks */,
			);
			runOnlyForDeploymentPostprocessing = 0;
		};
		A10C11682264018800ED634F /* Frameworks */ = {
			isa = PBXFrameworksBuildPhase;
			buildActionMask = 2147483647;
			files = (
				1FFE214142B3F7B9D08E2FD5 /* Pods_FoodieUITests.framework in Frameworks */,
			);
			runOnlyForDeploymentPostprocessing = 0;
		};
/* End PBXFrameworksBuildPhase section */

/* Begin PBXGroup section */
		A10C11432264018600ED634F = {
			isa = PBXGroup;
			children = (
				A10C114E2264018600ED634F /* Foodie */,
				A10C11632264018800ED634F /* FoodieTests */,
				A10C116E2264018800ED634F /* FoodieUITests */,
				A10C114D2264018600ED634F /* Products */,
				ACEFF229F86402C54DCF6E86 /* Pods */,
				CFC936DFD56121B0B7B4CC1E /* Frameworks */,
			);
			sourceTree = "<group>";
		};
		A10C114D2264018600ED634F /* Products */ = {
			isa = PBXGroup;
			children = (
				A10C114C2264018600ED634F /* Foodie.app */,
				A10C11602264018800ED634F /* FoodieTests.xctest */,
				A10C116B2264018800ED634F /* FoodieUITests.xctest */,
			);
			name = Products;
			sourceTree = "<group>";
		};
		A10C114E2264018600ED634F /* Foodie */ = {
			isa = PBXGroup;
			children = (
				A157BD57226FAD0600C30618 /* Views */,
				A157BD56226FACE800C30618 /* Services */,
				A157BD55226FACD800C30618 /* Models */,
				A157BD54226FACC900C30618 /* Controllers */,
				A10C114F2264018600ED634F /* AppDelegate.swift */,
				A10C11562264018800ED634F /* Assets.xcassets */,
				A10C115B2264018800ED634F /* Info.plist */,
			);
			path = Foodie;
			sourceTree = "<group>";
		};
		A10C11632264018800ED634F /* FoodieTests */ = {
			isa = PBXGroup;
			children = (
				A10C11642264018800ED634F /* FoodieTests.swift */,
				A10C11662264018800ED634F /* Info.plist */,
			);
			path = FoodieTests;
			sourceTree = "<group>";
		};
		A10C116E2264018800ED634F /* FoodieUITests */ = {
			isa = PBXGroup;
			children = (
				A10C116F2264018800ED634F /* FoodieUITests.swift */,
				A10C11712264018800ED634F /* Info.plist */,
			);
			path = FoodieUITests;
			sourceTree = "<group>";
		};
		A157BD54226FACC900C30618 /* Controllers */ = {
			isa = PBXGroup;
			children = (
				A10C11512264018600ED634F /* LandingController.swift */,
				A157BD58226FCC3B00C30618 /* QueryController.swift */,
			);
			path = Controllers;
			sourceTree = "<group>";
		};
		A157BD55226FACD800C30618 /* Models */ = {
			isa = PBXGroup;
			children = (
				A15D0B392276698500BBA4F8 /* RestaurantQuery.swift */,
				A14A1A072277879900A17F1C /* Restaurant.swift */,
			);
			path = Models;
			sourceTree = "<group>";
		};
		A157BD56226FACE800C30618 /* Services */ = {
			isa = PBXGroup;
			children = (
			);
			path = Services;
			sourceTree = "<group>";
		};
		A157BD57226FAD0600C30618 /* Views */ = {
			isa = PBXGroup;
			children = (
				A10C11532264018600ED634F /* Main.storyboard */,
			);
			path = Views;
			sourceTree = "<group>";
		};
		ACEFF229F86402C54DCF6E86 /* Pods */ = {
			isa = PBXGroup;
			children = (
				6FBAA2D9B40DA80879FCCD1A /* Pods-Foodie.debug.xcconfig */,
				BE84E00C37BBC0EA9906A99E /* Pods-Foodie.release.xcconfig */,
				D0938E79C73FEE3123B6A8C6 /* Pods-FoodieTests.debug.xcconfig */,
				F4F6214C7F043B4EEDF74E20 /* Pods-FoodieTests.release.xcconfig */,
				A76933D7E106C0A04B0E442F /* Pods-FoodieUITests.debug.xcconfig */,
				5912C90658CBF8FCD719CE1B /* Pods-FoodieUITests.release.xcconfig */,
			);
			path = Pods;
			sourceTree = "<group>";
		};
		CFC936DFD56121B0B7B4CC1E /* Frameworks */ = {
			isa = PBXGroup;
			children = (
				073EF10982B6CB22AD8F92C4 /* Pods_Foodie.framework */,
				215BFEAC0BB6E7BAB77B1FFD /* Pods_FoodieTests.framework */,
				86BCF420637CC63CD6218C01 /* Pods_FoodieUITests.framework */,
			);
			name = Frameworks;
			sourceTree = "<group>";
		};
/* End PBXGroup section */

/* Begin PBXNativeTarget section */
		A10C114B2264018600ED634F /* Foodie */ = {
			isa = PBXNativeTarget;
			buildConfigurationList = A10C11742264018800ED634F /* Build configuration list for PBXNativeTarget "Foodie" */;
			buildPhases = (
				BBC6767C10CF91661DE4FE0A /* [CP] Check Pods Manifest.lock */,
				A10C11482264018600ED634F /* Sources */,
				A10C11492264018600ED634F /* Frameworks */,
				A10C114A2264018600ED634F /* Resources */,
			);
			buildRules = (
			);
			dependencies = (
			);
			name = Foodie;
			productName = Foodie;
			productReference = A10C114C2264018600ED634F /* Foodie.app */;
			productType = "com.apple.product-type.application";
		};
		A10C115F2264018800ED634F /* FoodieTests */ = {
			isa = PBXNativeTarget;
			buildConfigurationList = A10C11772264018800ED634F /* Build configuration list for PBXNativeTarget "FoodieTests" */;
			buildPhases = (
				05FEBBBBDFA77B4A185899CF /* [CP] Check Pods Manifest.lock */,
				A10C115C2264018800ED634F /* Sources */,
				A10C115D2264018800ED634F /* Frameworks */,
				A10C115E2264018800ED634F /* Resources */,
			);
			buildRules = (
			);
			dependencies = (
				A10C11622264018800ED634F /* PBXTargetDependency */,
			);
			name = FoodieTests;
			productName = FoodieTests;
			productReference = A10C11602264018800ED634F /* FoodieTests.xctest */;
			productType = "com.apple.product-type.bundle.unit-test";
		};
		A10C116A2264018800ED634F /* FoodieUITests */ = {
			isa = PBXNativeTarget;
			buildConfigurationList = A10C117A2264018800ED634F /* Build configuration list for PBXNativeTarget "FoodieUITests" */;
			buildPhases = (
				1DB39001DA5AA8C70901163E /* [CP] Check Pods Manifest.lock */,
				A10C11672264018800ED634F /* Sources */,
				A10C11682264018800ED634F /* Frameworks */,
				A10C11692264018800ED634F /* Resources */,
			);
			buildRules = (
			);
			dependencies = (
				A10C116D2264018800ED634F /* PBXTargetDependency */,
			);
			name = FoodieUITests;
			productName = FoodieUITests;
			productReference = A10C116B2264018800ED634F /* FoodieUITests.xctest */;
			productType = "com.apple.product-type.bundle.ui-testing";
		};
/* End PBXNativeTarget section */

/* Begin PBXProject section */
		A10C11442264018600ED634F /* Project object */ = {
			isa = PBXProject;
			attributes = {
				LastSwiftUpdateCheck = 1020;
				LastUpgradeCheck = 1020;
				ORGANIZATIONNAME = "Andy Khov";
				TargetAttributes = {
					A10C114B2264018600ED634F = {
						CreatedOnToolsVersion = 10.2;
					};
					A10C115F2264018800ED634F = {
						CreatedOnToolsVersion = 10.2;
						TestTargetID = A10C114B2264018600ED634F;
					};
					A10C116A2264018800ED634F = {
						CreatedOnToolsVersion = 10.2;
						TestTargetID = A10C114B2264018600ED634F;
					};
				};
			};
			buildConfigurationList = A10C11472264018600ED634F /* Build configuration list for PBXProject "Foodie" */;
			compatibilityVersion = "Xcode 9.3";
			developmentRegion = en;
			hasScannedForEncodings = 0;
			knownRegions = (
				en,
				Base,
			);
			mainGroup = A10C11432264018600ED634F;
			productRefGroup = A10C114D2264018600ED634F /* Products */;
			projectDirPath = "";
			projectRoot = "";
			targets = (
				A10C114B2264018600ED634F /* Foodie */,
				A10C115F2264018800ED634F /* FoodieTests */,
				A10C116A2264018800ED634F /* FoodieUITests */,
			);
		};
/* End PBXProject section */

/* Begin PBXResourcesBuildPhase section */
		A10C114A2264018600ED634F /* Resources */ = {
			isa = PBXResourcesBuildPhase;
			buildActionMask = 2147483647;
			files = (
				A10C11572264018800ED634F /* Assets.xcassets in Resources */,
				A10C11552264018600ED634F /* Main.storyboard in Resources */,
			);
			runOnlyForDeploymentPostprocessing = 0;
		};
		A10C115E2264018800ED634F /* Resources */ = {
			isa = PBXResourcesBuildPhase;
			buildActionMask = 2147483647;
			files = (
			);
			runOnlyForDeploymentPostprocessing = 0;
		};
		A10C11692264018800ED634F /* Resources */ = {
			isa = PBXResourcesBuildPhase;
			buildActionMask = 2147483647;
			files = (
			);
			runOnlyForDeploymentPostprocessing = 0;
		};
/* End PBXResourcesBuildPhase section */

/* Begin PBXShellScriptBuildPhase section */
		05FEBBBBDFA77B4A185899CF /* [CP] Check Pods Manifest.lock */ = {
			isa = PBXShellScriptBuildPhase;
			buildActionMask = 2147483647;
			files = (
			);
			inputFileListPaths = (
			);
			inputPaths = (
				"${PODS_PODFILE_DIR_PATH}/Podfile.lock",
				"${PODS_ROOT}/Manifest.lock",
			);
			name = "[CP] Check Pods Manifest.lock";
			outputFileListPaths = (
			);
			outputPaths = (
				"$(DERIVED_FILE_DIR)/Pods-FoodieTests-checkManifestLockResult.txt",
			);
			runOnlyForDeploymentPostprocessing = 0;
			shellPath = /bin/sh;
			shellScript = "diff \"${PODS_PODFILE_DIR_PATH}/Podfile.lock\" \"${PODS_ROOT}/Manifest.lock\" > /dev/null\nif [ $? != 0 ] ; then\n    # print error to STDERR\n    echo \"error: The sandbox is not in sync with the Podfile.lock. Run 'pod install' or update your CocoaPods installation.\" >&2\n    exit 1\nfi\n# This output is used by Xcode 'outputs' to avoid re-running this script phase.\necho \"SUCCESS\" > \"${SCRIPT_OUTPUT_FILE_0}\"\n";
			showEnvVarsInLog = 0;
		};
		1DB39001DA5AA8C70901163E /* [CP] Check Pods Manifest.lock */ = {
			isa = PBXShellScriptBuildPhase;
			buildActionMask = 2147483647;
			files = (
			);
			inputFileListPaths = (
			);
			inputPaths = (
				"${PODS_PODFILE_DIR_PATH}/Podfile.lock",
				"${PODS_ROOT}/Manifest.lock",
			);
			name = "[CP] Check Pods Manifest.lock";
			outputFileListPaths = (
			);
			outputPaths = (
				"$(DERIVED_FILE_DIR)/Pods-FoodieUITests-checkManifestLockResult.txt",
			);
			runOnlyForDeploymentPostprocessing = 0;
			shellPath = /bin/sh;
			shellScript = "diff \"${PODS_PODFILE_DIR_PATH}/Podfile.lock\" \"${PODS_ROOT}/Manifest.lock\" > /dev/null\nif [ $? != 0 ] ; then\n    # print error to STDERR\n    echo \"error: The sandbox is not in sync with the Podfile.lock. Run 'pod install' or update your CocoaPods installation.\" >&2\n    exit 1\nfi\n# This output is used by Xcode 'outputs' to avoid re-running this script phase.\necho \"SUCCESS\" > \"${SCRIPT_OUTPUT_FILE_0}\"\n";
			showEnvVarsInLog = 0;
		};
		BBC6767C10CF91661DE4FE0A /* [CP] Check Pods Manifest.lock */ = {
			isa = PBXShellScriptBuildPhase;
			buildActionMask = 2147483647;
			files = (
			);
			inputFileListPaths = (
			);
			inputPaths = (
				"${PODS_PODFILE_DIR_PATH}/Podfile.lock",
				"${PODS_ROOT}/Manifest.lock",
			);
			name = "[CP] Check Pods Manifest.lock";
			outputFileListPaths = (
			);
			outputPaths = (
				"$(DERIVED_FILE_DIR)/Pods-Foodie-checkManifestLockResult.txt",
			);
			runOnlyForDeploymentPostprocessing = 0;
			shellPath = /bin/sh;
			shellScript = "diff \"${PODS_PODFILE_DIR_PATH}/Podfile.lock\" \"${PODS_ROOT}/Manifest.lock\" > /dev/null\nif [ $? != 0 ] ; then\n    # print error to STDERR\n    echo \"error: The sandbox is not in sync with the Podfile.lock. Run 'pod install' or update your CocoaPods installation.\" >&2\n    exit 1\nfi\n# This output is used by Xcode 'outputs' to avoid re-running this script phase.\necho \"SUCCESS\" > \"${SCRIPT_OUTPUT_FILE_0}\"\n";
			showEnvVarsInLog = 0;
		};
/* End PBXShellScriptBuildPhase section */

/* Begin PBXSourcesBuildPhase section */
		A10C11482264018600ED634F /* Sources */ = {
			isa = PBXSourcesBuildPhase;
			buildActionMask = 2147483647;
			files = (
				A14A1A082277879900A17F1C /* Restaurant.swift in Sources */,
				A10C11522264018600ED634F /* LandingController.swift in Sources */,
				A157BD59226FCC3B00C30618 /* QueryController.swift in Sources */,
				A10C11502264018600ED634F /* AppDelegate.swift in Sources */,
				A15D0B3A2276698500BBA4F8 /* RestaurantQuery.swift in Sources */,
			);
			runOnlyForDeploymentPostprocessing = 0;
		};
		A10C115C2264018800ED634F /* Sources */ = {
			isa = PBXSourcesBuildPhase;
			buildActionMask = 2147483647;
			files = (
				A14A1A092277879900A17F1C /* Restaurant.swift in Sources */,
				A10C11652264018800ED634F /* FoodieTests.swift in Sources */,
			);
			runOnlyForDeploymentPostprocessing = 0;
		};
		A10C11672264018800ED634F /* Sources */ = {
			isa = PBXSourcesBuildPhase;
			buildActionMask = 2147483647;
			files = (
				A10C11702264018800ED634F /* FoodieUITests.swift in Sources */,
			);
			runOnlyForDeploymentPostprocessing = 0;
		};
/* End PBXSourcesBuildPhase section */

/* Begin PBXTargetDependency section */
		A10C11622264018800ED634F /* PBXTargetDependency */ = {
			isa = PBXTargetDependency;
			target = A10C114B2264018600ED634F /* Foodie */;
			targetProxy = A10C11612264018800ED634F /* PBXContainerItemProxy */;
		};
		A10C116D2264018800ED634F /* PBXTargetDependency */ = {
			isa = PBXTargetDependency;
			target = A10C114B2264018600ED634F /* Foodie */;
			targetProxy = A10C116C2264018800ED634F /* PBXContainerItemProxy */;
		};
/* End PBXTargetDependency section */

/* Begin PBXVariantGroup section */
		A10C11532264018600ED634F /* Main.storyboard */ = {
			isa = PBXVariantGroup;
			children = (
				A10C11542264018600ED634F /* Base */,
			);
			name = Main.storyboard;
			sourceTree = "<group>";
		};
/* End PBXVariantGroup section */

/* Begin XCBuildConfiguration section */
		A10C11722264018800ED634F /* Debug */ = {
			isa = XCBuildConfiguration;
			buildSettings = {
				ALWAYS_SEARCH_USER_PATHS = NO;
				CLANG_ANALYZER_NONNULL = YES;
				CLANG_ANALYZER_NUMBER_OBJECT_CONVERSION = YES_AGGRESSIVE;
				CLANG_CXX_LANGUAGE_STANDARD = "gnu++14";
				CLANG_CXX_LIBRARY = "libc++";
				CLANG_ENABLE_MODULES = YES;
				CLANG_ENABLE_OBJC_ARC = YES;
				CLANG_ENABLE_OBJC_WEAK = YES;
				CLANG_WARN_BLOCK_CAPTURE_AUTORELEASING = YES;
				CLANG_WARN_BOOL_CONVERSION = YES;
				CLANG_WARN_COMMA = YES;
				CLANG_WARN_CONSTANT_CONVERSION = YES;
				CLANG_WARN_DEPRECATED_OBJC_IMPLEMENTATIONS = YES;
				CLANG_WARN_DIRECT_OBJC_ISA_USAGE = YES_ERROR;
				CLANG_WARN_DOCUMENTATION_COMMENTS = YES;
				CLANG_WARN_EMPTY_BODY = YES;
				CLANG_WARN_ENUM_CONVERSION = YES;
				CLANG_WARN_INFINITE_RECURSION = YES;
				CLANG_WARN_INT_CONVERSION = YES;
				CLANG_WARN_NON_LITERAL_NULL_CONVERSION = YES;
				CLANG_WARN_OBJC_IMPLICIT_RETAIN_SELF = YES;
				CLANG_WARN_OBJC_LITERAL_CONVERSION = YES;
				CLANG_WARN_OBJC_ROOT_CLASS = YES_ERROR;
				CLANG_WARN_RANGE_LOOP_ANALYSIS = YES;
				CLANG_WARN_STRICT_PROTOTYPES = YES;
				CLANG_WARN_SUSPICIOUS_MOVE = YES;
				CLANG_WARN_UNGUARDED_AVAILABILITY = YES_AGGRESSIVE;
				CLANG_WARN_UNREACHABLE_CODE = YES;
				CLANG_WARN__DUPLICATE_METHOD_MATCH = YES;
				CODE_SIGN_IDENTITY = "iPhone Developer";
				COPY_PHASE_STRIP = NO;
				DEBUG_INFORMATION_FORMAT = dwarf;
				ENABLE_STRICT_OBJC_MSGSEND = YES;
				ENABLE_TESTABILITY = YES;
				GCC_C_LANGUAGE_STANDARD = gnu11;
				GCC_DYNAMIC_NO_PIC = NO;
				GCC_NO_COMMON_BLOCKS = YES;
				GCC_OPTIMIZATION_LEVEL = 0;
				GCC_PREPROCESSOR_DEFINITIONS = (
					"DEBUG=1",
					"$(inherited)",
				);
				GCC_WARN_64_TO_32_BIT_CONVERSION = YES;
				GCC_WARN_ABOUT_RETURN_TYPE = YES_ERROR;
				GCC_WARN_UNDECLARED_SELECTOR = YES;
				GCC_WARN_UNINITIALIZED_AUTOS = YES_AGGRESSIVE;
				GCC_WARN_UNUSED_FUNCTION = YES;
				GCC_WARN_UNUSED_VARIABLE = YES;
				IPHONEOS_DEPLOYMENT_TARGET = 12.2;
				MTL_ENABLE_DEBUG_INFO = INCLUDE_SOURCE;
				MTL_FAST_MATH = YES;
				ONLY_ACTIVE_ARCH = YES;
				SDKROOT = iphoneos;
				SWIFT_ACTIVE_COMPILATION_CONDITIONS = DEBUG;
				SWIFT_OPTIMIZATION_LEVEL = "-Onone";
			};
			name = Debug;
		};
		A10C11732264018800ED634F /* Release */ = {
			isa = XCBuildConfiguration;
			buildSettings = {
				ALWAYS_SEARCH_USER_PATHS = NO;
				CLANG_ANALYZER_NONNULL = YES;
				CLANG_ANALYZER_NUMBER_OBJECT_CONVERSION = YES_AGGRESSIVE;
				CLANG_CXX_LANGUAGE_STANDARD = "gnu++14";
				CLANG_CXX_LIBRARY = "libc++";
				CLANG_ENABLE_MODULES = YES;
				CLANG_ENABLE_OBJC_ARC = YES;
				CLANG_ENABLE_OBJC_WEAK = YES;
				CLANG_WARN_BLOCK_CAPTURE_AUTORELEASING = YES;
				CLANG_WARN_BOOL_CONVERSION = YES;
				CLANG_WARN_COMMA = YES;
				CLANG_WARN_CONSTANT_CONVERSION = YES;
				CLANG_WARN_DEPRECATED_OBJC_IMPLEMENTATIONS = YES;
				CLANG_WARN_DIRECT_OBJC_ISA_USAGE = YES_ERROR;
				CLANG_WARN_DOCUMENTATION_COMMENTS = YES;
				CLANG_WARN_EMPTY_BODY = YES;
				CLANG_WARN_ENUM_CONVERSION = YES;
				CLANG_WARN_INFINITE_RECURSION = YES;
				CLANG_WARN_INT_CONVERSION = YES;
				CLANG_WARN_NON_LITERAL_NULL_CONVERSION = YES;
				CLANG_WARN_OBJC_IMPLICIT_RETAIN_SELF = YES;
				CLANG_WARN_OBJC_LITERAL_CONVERSION = YES;
				CLANG_WARN_OBJC_ROOT_CLASS = YES_ERROR;
				CLANG_WARN_RANGE_LOOP_ANALYSIS = YES;
				CLANG_WARN_STRICT_PROTOTYPES = YES;
				CLANG_WARN_SUSPICIOUS_MOVE = YES;
				CLANG_WARN_UNGUARDED_AVAILABILITY = YES_AGGRESSIVE;
				CLANG_WARN_UNREACHABLE_CODE = YES;
				CLANG_WARN__DUPLICATE_METHOD_MATCH = YES;
				CODE_SIGN_IDENTITY = "iPhone Developer";
				COPY_PHASE_STRIP = NO;
				DEBUG_INFORMATION_FORMAT = "dwarf-with-dsym";
				ENABLE_NS_ASSERTIONS = NO;
				ENABLE_STRICT_OBJC_MSGSEND = YES;
				GCC_C_LANGUAGE_STANDARD = gnu11;
				GCC_NO_COMMON_BLOCKS = YES;
				GCC_WARN_64_TO_32_BIT_CONVERSION = YES;
				GCC_WARN_ABOUT_RETURN_TYPE = YES_ERROR;
				GCC_WARN_UNDECLARED_SELECTOR = YES;
				GCC_WARN_UNINITIALIZED_AUTOS = YES_AGGRESSIVE;
				GCC_WARN_UNUSED_FUNCTION = YES;
				GCC_WARN_UNUSED_VARIABLE = YES;
				IPHONEOS_DEPLOYMENT_TARGET = 12.2;
				MTL_ENABLE_DEBUG_INFO = NO;
				MTL_FAST_MATH = YES;
				SDKROOT = iphoneos;
				SWIFT_COMPILATION_MODE = wholemodule;
				SWIFT_OPTIMIZATION_LEVEL = "-O";
				VALIDATE_PRODUCT = YES;
			};
			name = Release;
		};
		A10C11752264018800ED634F /* Debug */ = {
			isa = XCBuildConfiguration;
			baseConfigurationReference = 6FBAA2D9B40DA80879FCCD1A /* Pods-Foodie.debug.xcconfig */;
			buildSettings = {
				ASSETCATALOG_COMPILER_APPICON_NAME = AppIcon;
				CODE_SIGN_STYLE = Automatic;
				DEVELOPMENT_TEAM = W3WFG3FN6R;
				INFOPLIST_FILE = Foodie/Info.plist;
				LD_RUNPATH_SEARCH_PATHS = (
					"$(inherited)",
					"@executable_path/Frameworks",
				);
				PRODUCT_BUNDLE_IDENTIFIER = khov.andy.Foodie;
				PRODUCT_NAME = "$(TARGET_NAME)";
				SWIFT_VERSION = 5.0;
				TARGETED_DEVICE_FAMILY = "1,2";
			};
			name = Debug;
		};
		A10C11762264018800ED634F /* Release */ = {
			isa = XCBuildConfiguration;
			baseConfigurationReference = BE84E00C37BBC0EA9906A99E /* Pods-Foodie.release.xcconfig */;
			buildSettings = {
				ASSETCATALOG_COMPILER_APPICON_NAME = AppIcon;
				CODE_SIGN_STYLE = Automatic;
				DEVELOPMENT_TEAM = W3WFG3FN6R;
				INFOPLIST_FILE = Foodie/Info.plist;
				LD_RUNPATH_SEARCH_PATHS = (
					"$(inherited)",
					"@executable_path/Frameworks",
				);
				PRODUCT_BUNDLE_IDENTIFIER = khov.andy.Foodie;
				PRODUCT_NAME = "$(TARGET_NAME)";
				SWIFT_VERSION = 5.0;
				TARGETED_DEVICE_FAMILY = "1,2";
			};
			name = Release;
		};
		A10C11782264018800ED634F /* Debug */ = {
			isa = XCBuildConfiguration;
			baseConfigurationReference = D0938E79C73FEE3123B6A8C6 /* Pods-FoodieTests.debug.xcconfig */;
			buildSettings = {
				ALWAYS_EMBED_SWIFT_STANDARD_LIBRARIES = YES;
				BUNDLE_LOADER = "$(TEST_HOST)";
				CODE_SIGN_STYLE = Automatic;
				INFOPLIST_FILE = FoodieTests/Info.plist;
				LD_RUNPATH_SEARCH_PATHS = (
					"$(inherited)",
					"@executable_path/Frameworks",
					"@loader_path/Frameworks",
				);
				PRODUCT_BUNDLE_IDENTIFIER = khov.andy.FoodieTests;
				PRODUCT_NAME = "$(TARGET_NAME)";
				SWIFT_VERSION = 5.0;
				TARGETED_DEVICE_FAMILY = "1,2";
				TEST_HOST = "$(BUILT_PRODUCTS_DIR)/Foodie.app/Foodie";
			};
			name = Debug;
		};
		A10C11792264018800ED634F /* Release */ = {
			isa = XCBuildConfiguration;
			baseConfigurationReference = F4F6214C7F043B4EEDF74E20 /* Pods-FoodieTests.release.xcconfig */;
			buildSettings = {
				ALWAYS_EMBED_SWIFT_STANDARD_LIBRARIES = YES;
				BUNDLE_LOADER = "$(TEST_HOST)";
				CODE_SIGN_STYLE = Automatic;
				INFOPLIST_FILE = FoodieTests/Info.plist;
				LD_RUNPATH_SEARCH_PATHS = (
					"$(inherited)",
					"@executable_path/Frameworks",
					"@loader_path/Frameworks",
				);
				PRODUCT_BUNDLE_IDENTIFIER = khov.andy.FoodieTests;
				PRODUCT_NAME = "$(TARGET_NAME)";
				SWIFT_VERSION = 5.0;
				TARGETED_DEVICE_FAMILY = "1,2";
				TEST_HOST = "$(BUILT_PRODUCTS_DIR)/Foodie.app/Foodie";
			};
			name = Release;
		};
		A10C117B2264018800ED634F /* Debug */ = {
			isa = XCBuildConfiguration;
			baseConfigurationReference = A76933D7E106C0A04B0E442F /* Pods-FoodieUITests.debug.xcconfig */;
			buildSettings = {
				ALWAYS_EMBED_SWIFT_STANDARD_LIBRARIES = YES;
				CODE_SIGN_STYLE = Automatic;
				INFOPLIST_FILE = FoodieUITests/Info.plist;
				LD_RUNPATH_SEARCH_PATHS = (
					"$(inherited)",
					"@executable_path/Frameworks",
					"@loader_path/Frameworks",
				);
				PRODUCT_BUNDLE_IDENTIFIER = khov.andy.FoodieUITests;
				PRODUCT_NAME = "$(TARGET_NAME)";
				SWIFT_VERSION = 5.0;
				TARGETED_DEVICE_FAMILY = "1,2";
				TEST_TARGET_NAME = Foodie;
			};
			name = Debug;
		};
		A10C117C2264018800ED634F /* Release */ = {
			isa = XCBuildConfiguration;
			baseConfigurationReference = 5912C90658CBF8FCD719CE1B /* Pods-FoodieUITests.release.xcconfig */;
			buildSettings = {
				ALWAYS_EMBED_SWIFT_STANDARD_LIBRARIES = YES;
				CODE_SIGN_STYLE = Automatic;
				INFOPLIST_FILE = FoodieUITests/Info.plist;
				LD_RUNPATH_SEARCH_PATHS = (
					"$(inherited)",
					"@executable_path/Frameworks",
					"@loader_path/Frameworks",
				);
				PRODUCT_BUNDLE_IDENTIFIER = khov.andy.FoodieUITests;
				PRODUCT_NAME = "$(TARGET_NAME)";
				SWIFT_VERSION = 5.0;
				TARGETED_DEVICE_FAMILY = "1,2";
				TEST_TARGET_NAME = Foodie;
			};
			name = Release;
		};
/* End XCBuildConfiguration section */

/* Begin XCConfigurationList section */
		A10C11472264018600ED634F /* Build configuration list for PBXProject "Foodie" */ = {
			isa = XCConfigurationList;
			buildConfigurations = (
				A10C11722264018800ED634F /* Debug */,
				A10C11732264018800ED634F /* Release */,
			);
			defaultConfigurationIsVisible = 0;
			defaultConfigurationName = Release;
		};
		A10C11742264018800ED634F /* Build configuration list for PBXNativeTarget "Foodie" */ = {
			isa = XCConfigurationList;
			buildConfigurations = (
				A10C11752264018800ED634F /* Debug */,
				A10C11762264018800ED634F /* Release */,
			);
			defaultConfigurationIsVisible = 0;
			defaultConfigurationName = Release;
		};
		A10C11772264018800ED634F /* Build configuration list for PBXNativeTarget "FoodieTests" */ = {
			isa = XCConfigurationList;
			buildConfigurations = (
				A10C11782264018800ED634F /* Debug */,
				A10C11792264018800ED634F /* Release */,
			);
			defaultConfigurationIsVisible = 0;
			defaultConfigurationName = Release;
		};
		A10C117A2264018800ED634F /* Build configuration list for PBXNativeTarget "FoodieUITests" */ = {
			isa = XCConfigurationList;
			buildConfigurations = (
				A10C117B2264018800ED634F /* Debug */,
				A10C117C2264018800ED634F /* Release */,
			);
			defaultConfigurationIsVisible = 0;
			defaultConfigurationName = Release;
		};
/* End XCConfigurationList section */
	};
	rootObject = A10C11442264018600ED634F /* Project object */;
}
